
Microsoft Visual Studio Solution File, Format Version 12.00
# Visual Studio Version 17
VisualStudioVersion = 17.0.31903.59
MinimumVisualStudioVersion = 10.0.40219.1
Project("{9A19103F-16F7-4668-BE54-9A1E7A4F7556}") = "Infrastructure", "Infrastructure\Infrastructure.csproj", "{BDBAC33C-30E5-4A6F-84FF-B4284703C1DB}"
EndProject
Project("{2150E333-8FDC-42A3-9474-1A3956D46DE8}") = "Tests", "Tests", "{F6EB3400-5913-4801-8DE6-0C10DE32E9D1}"
EndProject
Project("{9A19103F-16F7-4668-BE54-9A1E7A4F7556}") = "InfrastructureTest", "InfrastructureTest\InfrastructureTest.csproj", "{B1509A2F-E6BE-4362-86AD-240BD3B64F3B}"
EndProject
Project("{9A19103F-16F7-4668-BE54-9A1E7A4F7556}") = "ContabilitaWeb", "ContabilitaWeb\ContabilitaWeb.csproj", "{C08C4061-6BC8-4850-ABA1-85568697C8F8}"
EndProject
Project("{2150E333-8FDC-42A3-9474-1A3956D46DE8}") = "Solution Items", "Solution Items", "{A4B7D8D0-E39E-432A-AB09-81F8A48904F0}"
	ProjectSection(SolutionItems) = preProject
		.editorconfig = .editorconfig
	EndProjectSection
EndProject
Project("{2150E333-8FDC-42A3-9474-1A3956D46DE8}") = "SQL Utility", "SQL Utility", "{42A51E32-C1B9-457A-A2AD-9836E4B960E6}"
	ProjectSection(SolutionItems) = preProject
		ScriptCreateAzienda.sql = ScriptCreateAzienda.sql
		ScriptCreateDB.sql = ScriptCreateDB.sql
		ScriptCreateFattura.sql = ScriptCreateFattura.sql
		ScriptCreatePagamento.sql = ScriptCreatePagamento.sql
	EndProjectSection
EndProject
Global
	GlobalSection(SolutionConfigurationPlatforms) = preSolution
		Debug|Any CPU = Debug|Any CPU
		Release|Any CPU = Release|Any CPU
	EndGlobalSection
	GlobalSection(ProjectConfigurationPlatforms) = postSolution
		{BDBAC33C-30E5-4A6F-84FF-B4284703C1DB}.Debug|Any CPU.ActiveCfg = Debug|Any CPU
		{BDBAC33C-30E5-4A6F-84FF-B4284703C1DB}.Debug|Any CPU.Build.0 = Debug|Any CPU
		{BDBAC33C-30E5-4A6F-84FF-B4284703C1DB}.Release|Any CPU.ActiveCfg = Release|Any CPU
		{BDBAC33C-30E5-4A6F-84FF-B4284703C1DB}.Release|Any CPU.Build.0 = Release|Any CPU
		{B1509A2F-E6BE-4362-86AD-240BD3B64F3B}.Debug|Any CPU.ActiveCfg = Debug|Any CPU
		{B1509A2F-E6BE-4362-86AD-240BD3B64F3B}.Debug|Any CPU.Build.0 = Debug|Any CPU
		{B1509A2F-E6BE-4362-86AD-240BD3B64F3B}.Release|Any CPU.ActiveCfg = Release|Any CPU
		{B1509A2F-E6BE-4362-86AD-240BD3B64F3B}.Release|Any CPU.Build.0 = Release|Any CPU
		{C08C4061-6BC8-4850-ABA1-85568697C8F8}.Debug|Any CPU.ActiveCfg = Debug|Any CPU
		{C08C4061-6BC8-4850-ABA1-85568697C8F8}.Debug|Any CPU.Build.0 = Debug|Any CPU
		{C08C4061-6BC8-4850-ABA1-85568697C8F8}.Release|Any CPU.ActiveCfg = Release|Any CPU
		{C08C4061-6BC8-4850-ABA1-85568697C8F8}.Release|Any CPU.Build.0 = Release|Any CPU
	EndGlobalSection
	GlobalSection(SolutionProperties) = preSolution
		HideSolutionNode = FALSE
	EndGlobalSection
	GlobalSection(NestedProjects) = preSolution
		{B1509A2F-E6BE-4362-86AD-240BD3B64F3B} = {F6EB3400-5913-4801-8DE6-0C10DE32E9D1}
	EndGlobalSection
	GlobalSection(ExtensibilityGlobals) = postSolution
		SolutionGuid = {0492DAE7-565F-49F6-A26E-8B5AFFB70FFB}
	EndGlobalSection
EndGlobal
